
Microsoft Visual Studio Solution File, Format Version 12.00
# Visual Studio Version 16
VisualStudioVersion = 16.0.31019.35
MinimumVisualStudioVersion = 10.0.40219.1
Project("{FAE04EC0-301F-11D3-BF4B-00C04F79EFBC}") = "ManyKindOfGenerators", "ManyKindOfGenerators\ManyKindOfGenerators.csproj", "{729629EE-8078-4459-B562-68AB276092B2}"
EndProject
Global
	GlobalSection(SolutionConfigurationPlatforms) = preSolution
		Debug|Any CPU = Debug|Any CPU
		Release|Any CPU = Release|Any CPU
	EndGlobalSection
	GlobalSection(ProjectConfigurationPlatforms) = postSolution
		{729629EE-8078-4459-B562-68AB276092B2}.Debug|Any CPU.ActiveCfg = Debug|Any CPU
		{729629EE-8078-4459-B562-68AB276092B2}.Debug|Any CPU.Build.0 = Debug|Any CPU
		{729629EE-8078-4459-B562-68AB276092B2}.Release|Any CPU.ActiveCfg = Release|Any CPU
		{729629EE-8078-4459-B562-68AB276092B2}.Release|Any CPU.Build.0 = Release|Any CPU
	EndGlobalSection
	GlobalSection(SolutionProperties) = preSolution
		HideSolutionNode = FALSE
	EndGlobalSection
	GlobalSection(ExtensibilityGlobals) = postSolution
		SolutionGuid = {DF0BA43A-DA6C-48E6-94B2-CD7C31E8D994}
	EndGlobalSection
EndGlobal
